
Microsoft Visual Studio Solution File, Format Version 12.00
# Visual Studio Version 17
VisualStudioVersion = 17.14.36717.8
MinimumVisualStudioVersion = 10.0.40219.1
Project("{8BC9CEB8-8B4A-11D0-8D11-00A0C91BC942}") = "Rectangle", "Rectangle\Rectangle.vcxproj", "{ED355EAB-C3CA-486F-8278-07D522EA019E}"
EndProject
Project("{8BC9CEB8-8B4A-11D0-8D11-00A0C91BC942}") = "Set", "Set\Set.vcxproj", "{4E61E689-4A43-4942-A0A0-74B9EAF78489}"
EndProject
Project("{8BC9CEB8-8B4A-11D0-8D11-00A0C91BC942}") = "RestangleTest", "RestangleTest\RestangleTest.vcxproj", "{69C874E1-C7A1-C9F8-4483-4DFF9D815FF7}"
EndProject
Project("{8BC9CEB8-8B4A-11D0-8D11-00A0C91BC942}") = "SetTest", "SetTest\SetTest.vcxproj", "{D90E5938-D586-711E-310A-4164C01962AF}"
EndProject
Global
	GlobalSection(SolutionConfigurationPlatforms) = preSolution
		Debug|x64 = Debug|x64
		Debug|x86 = Debug|x86
		Release|x64 = Release|x64
		Release|x86 = Release|x86
	EndGlobalSection
	GlobalSection(ProjectConfigurationPlatforms) = postSolution
		{ED355EAB-C3CA-486F-8278-07D522EA019E}.Debug|x64.ActiveCfg = Debug|x64
		{ED355EAB-C3CA-486F-8278-07D522EA019E}.Debug|x64.Build.0 = Debug|x64
		{ED355EAB-C3CA-486F-8278-07D522EA019E}.Debug|x86.ActiveCfg = Debug|Win32
		{ED355EAB-C3CA-486F-8278-07D522EA019E}.Debug|x86.Build.0 = Debug|Win32
		{ED355EAB-C3CA-486F-8278-07D522EA019E}.Release|x64.ActiveCfg = Release|x64
		{ED355EAB-C3CA-486F-8278-07D522EA019E}.Release|x64.Build.0 = Release|x64
		{ED355EAB-C3CA-486F-8278-07D522EA019E}.Release|x86.ActiveCfg = Release|Win32
		{ED355EAB-C3CA-486F-8278-07D522EA019E}.Release|x86.Build.0 = Release|Win32
		{4E61E689-4A43-4942-A0A0-74B9EAF78489}.Debug|x64.ActiveCfg = Debug|x64
		{4E61E689-4A43-4942-A0A0-74B9EAF78489}.Debug|x64.Build.0 = Debug|x64
		{4E61E689-4A43-4942-A0A0-74B9EAF78489}.Debug|x86.ActiveCfg = Debug|Win32
		{4E61E689-4A43-4942-A0A0-74B9EAF78489}.Debug|x86.Build.0 = Debug|Win32
		{4E61E689-4A43-4942-A0A0-74B9EAF78489}.Release|x64.ActiveCfg = Release|x64
		{4E61E689-4A43-4942-A0A0-74B9EAF78489}.Release|x64.Build.0 = Release|x64
		{4E61E689-4A43-4942-A0A0-74B9EAF78489}.Release|x86.ActiveCfg = Release|Win32
		{4E61E689-4A43-4942-A0A0-74B9EAF78489}.Release|x86.Build.0 = Release|Win32
		{69C874E1-C7A1-C9F8-4483-4DFF9D815FF7}.Debug|x64.ActiveCfg = Debug|x64
		{69C874E1-C7A1-C9F8-4483-4DFF9D815FF7}.Debug|x64.Build.0 = Debug|x64
		{69C874E1-C7A1-C9F8-4483-4DFF9D815FF7}.Debug|x86.ActiveCfg = Debug|Win32
		{69C874E1-C7A1-C9F8-4483-4DFF9D815FF7}.Debug|x86.Build.0 = Debug|Win32
		{69C874E1-C7A1-C9F8-4483-4DFF9D815FF7}.Release|x64.ActiveCfg = Release|x64
		{69C874E1-C7A1-C9F8-4483-4DFF9D815FF7}.Release|x64.Build.0 = Release|x64
		{69C874E1-C7A1-C9F8-4483-4DFF9D815FF7}.Release|x86.ActiveCfg = Release|Win32
		{69C874E1-C7A1-C9F8-4483-4DFF9D815FF7}.Release|x86.Build.0 = Release|Win32
		{D90E5938-D586-711E-310A-4164C01962AF}.Debug|x64.ActiveCfg = Debug|x64
		{D90E5938-D586-711E-310A-4164C01962AF}.Debug|x64.Build.0 = Debug|x64
		{D90E5938-D586-711E-310A-4164C01962AF}.Debug|x86.ActiveCfg = Debug|Win32
		{D90E5938-D586-711E-310A-4164C01962AF}.Debug|x86.Build.0 = Debug|Win32
		{D90E5938-D586-711E-310A-4164C01962AF}.Release|x64.ActiveCfg = Release|x64
		{D90E5938-D586-711E-310A-4164C01962AF}.Release|x64.Build.0 = Release|x64
		{D90E5938-D586-711E-310A-4164C01962AF}.Release|x86.ActiveCfg = Release|Win32
		{D90E5938-D586-711E-310A-4164C01962AF}.Release|x86.Build.0 = Release|Win32
	EndGlobalSection
	GlobalSection(SolutionProperties) = preSolution
		HideSolutionNode = FALSE
	EndGlobalSection
	GlobalSection(ExtensibilityGlobals) = postSolution
		SolutionGuid = {86FB33B9-6611-4167-AD1E-5B95F915C673}
	EndGlobalSection
EndGlobal
